{
  "name": "@ozzyl/store-management-pos",
  "version": "0.1.0",
  "lockfileVersion": 3,
  "requires": true,
  "packages": {
    "": {
      "name": "@ozzyl/store-management-pos",
      "version": "0.1.0",
      "workspaces": [
        "apps/*",
        "packages/*"
      ],
      "dependencies": {
        "@neondatabase/serverless": "1.1.0"
      },
      "devDependencies": {
        "typescript": "5.8.3"
      },
      "engines": {
        "node": ">=22",
        "npm": ">=10"
      }
    },
    "apps/admin-web": {
      "name": "@ozzyl/admin-web",
      "version": "0.1.0"
    },
    "apps/api": {
      "name": "@ozzyl/api",
      "version": "0.1.0"
    },
    "apps/pos-web": {
      "name": "@ozzyl/pos-web",
      "version": "0.1.0"
    },
    "apps/worker-jobs": {
      "name": "@ozzyl/worker-jobs",
      "version": "0.1.0"
    },
    "node_modules/@neondatabase/serverless": {
      "version": "1.1.0",
      "resolved": "https://registry.npmjs.org/@neondatabase/serverless/-/serverless-1.1.0.tgz",
      "integrity": "sha512-r3ZZhRjEcfEdKIZnoB1RusNgvHuaBRqfCzV4Gi+5A9yUX0S4HTws/ASWqt13wL4y4I+0rqsWGdA2w7EQXHi3+Q==",
      "license": "MIT",
      "engines": {
        "node": ">=19.0.0"
      }
    },
    "node_modules/@ozzyl/admin-web": {
      "resolved": "apps/admin-web",
      "link": true
    },
    "node_modules/@ozzyl/api": {
      "resolved": "apps/api",
      "link": true
    },
    "node_modules/@ozzyl/contracts": {
      "resolved": "packages/contracts",
      "link": true
    },
    "node_modules/@ozzyl/foundation": {
      "resolved": "packages/foundation",
      "link": true
    },
    "node_modules/@ozzyl/pos-web": {
      "resolved": "apps/pos-web",
      "link": true
    },
    "node_modules/@ozzyl/testing": {
      "resolved": "packages/testing",
      "link": true
    },
    "node_modules/@ozzyl/ui": {
      "resolved": "packages/ui",
      "link": true
    },
    "node_modules/@ozzyl/worker-jobs": {
      "resolved": "apps/worker-jobs",
      "link": true
    },
    "node_modules/typescript": {
      "version": "5.8.3",
      "resolved": "https://registry.npmjs.org/typescript/-/typescript-5.8.3.tgz",
      "integrity": "sha512-p1diW6TqL9L07nNxvRMM7hMMw4c5XOo/1ibL4aAIGmSAt9slTE1Xgw5KWuof2uTOvCg9BY7ZRi+GaF+7sfgPeQ==",
      "dev": true,
      "license": "Apache-2.0",
      "bin": {
        "tsc": "bin/tsc",
        "tsserver": "bin/tsserver"
      },
      "engines": {
        "node": ">=14.17"
      }
    },
    "packages/contracts": {
      "name": "@ozzyl/contracts",
      "version": "1.0.0"
    },
    "packages/foundation": {
      "name": "@ozzyl/foundation",
      "version": "0.1.0"
    },
    "packages/testing": {
      "name": "@ozzyl/testing",
      "version": "0.1.0"
    },
    "packages/ui": {
      "name": "@ozzyl/ui",
      "version": "0.1.0"
    }
  }
}
